
Microsoft Visual Studio Solution File, Format Version 12.00
Project("{FAE04EC0-301F-11D3-BF4B-00C04F79EFBC}") = "FastConsole", "FastConsole\FastConsole.csproj", "{F2491AFE-AD8D-4CE2-8012-2E4784DBC58B}"
EndProject
Project("{FAE04EC0-301F-11D3-BF4B-00C04F79EFBC}") = "FastConsole.Examples", "FastConsole.Examples\FastConsole.Examples.csproj", "{56F3692A-A376-4A00-B916-58F8DC11F705}"
EndProject
Project("{FAE04EC0-301F-11D3-BF4B-00C04F79EFBC}") = "Game", "Game\Game.csproj", "{7D6E7DAB-64ED-4647-A59D-AF322D6AFCD3}"
EndProject
Global
	GlobalSection(SolutionConfigurationPlatforms) = preSolution
		Debug|Any CPU = Debug|Any CPU
		Release|Any CPU = Release|Any CPU
	EndGlobalSection
	GlobalSection(ProjectConfigurationPlatforms) = postSolution
		{F2491AFE-AD8D-4CE2-8012-2E4784DBC58B}.Debug|Any CPU.ActiveCfg = Debug|Any CPU
		{F2491AFE-AD8D-4CE2-8012-2E4784DBC58B}.Debug|Any CPU.Build.0 = Debug|Any CPU
		{F2491AFE-AD8D-4CE2-8012-2E4784DBC58B}.Release|Any CPU.ActiveCfg = Release|Any CPU
		{F2491AFE-AD8D-4CE2-8012-2E4784DBC58B}.Release|Any CPU.Build.0 = Release|Any CPU
		{56F3692A-A376-4A00-B916-58F8DC11F705}.Debug|Any CPU.ActiveCfg = Debug|Any CPU
		{56F3692A-A376-4A00-B916-58F8DC11F705}.Debug|Any CPU.Build.0 = Debug|Any CPU
		{56F3692A-A376-4A00-B916-58F8DC11F705}.Release|Any CPU.ActiveCfg = Release|Any CPU
		{56F3692A-A376-4A00-B916-58F8DC11F705}.Release|Any CPU.Build.0 = Release|Any CPU
		{7D6E7DAB-64ED-4647-A59D-AF322D6AFCD3}.Debug|Any CPU.ActiveCfg = Debug|Any CPU
		{7D6E7DAB-64ED-4647-A59D-AF322D6AFCD3}.Debug|Any CPU.Build.0 = Debug|Any CPU
		{7D6E7DAB-64ED-4647-A59D-AF322D6AFCD3}.Release|Any CPU.ActiveCfg = Release|Any CPU
		{7D6E7DAB-64ED-4647-A59D-AF322D6AFCD3}.Release|Any CPU.Build.0 = Release|Any CPU
	EndGlobalSection
EndGlobal
